
Microsoft Visual Studio Solution File, Format Version 12.00
# Visual Studio 15
VisualStudioVersion = 15.0.28307.572
MinimumVisualStudioVersion = 10.0.40219.1
Project("{FAE04EC0-301F-11D3-BF4B-00C04F79EFBC}") = "HelloWorld", "HelloWorld\HelloWorld.csproj", "{1263D602-449D-4F7C-BB42-FEF608EC447D}"
EndProject
Global
	GlobalSection(SolutionConfigurationPlatforms) = preSolution
		Debug|Any CPU = Debug|Any CPU
		Release|Any CPU = Release|Any CPU
	EndGlobalSection
	GlobalSection(ProjectConfigurationPlatforms) = postSolution
		{1263D602-449D-4F7C-BB42-FEF608EC447D}.Debug|Any CPU.ActiveCfg = Debug|Any CPU
		{1263D602-449D-4F7C-BB42-FEF608EC447D}.Debug|Any CPU.Build.0 = Debug|Any CPU
		{1263D602-449D-4F7C-BB42-FEF608EC447D}.Release|Any CPU.ActiveCfg = Release|Any CPU
		{1263D602-449D-4F7C-BB42-FEF608EC447D}.Release|Any CPU.Build.0 = Release|Any CPU
	EndGlobalSection
	GlobalSection(SolutionProperties) = preSolution
		HideSolutionNode = FALSE
	EndGlobalSection
	GlobalSection(ExtensibilityGlobals) = postSolution
		SolutionGuid = {4BCB31AB-02CE-461F-9F4A-6845A824F360}
	EndGlobalSection
EndGlobal
